{
  "version": 4,
  "terraform_version": "1.0.7",
  "serial": 8,
  "lineage": "98b2470a-5b54-3483-a535-4431754ec8cc",
  "outputs": {},
  "resources": [
    {
      "mode": "managed",
      "type": "aci_access_port_selector",
      "name": "test_selector",
      "provider": "provider[\"registry.terraform.io/ciscodevnet/aci\"]",
      "instances": [
        {
          "schema_version": 1,
          "attributes": {
            "access_port_selector_type": "ALL",
            "annotation": "orchestrator:terraform",
            "description": "",
            "id": "uni/infra/accportprof-stienvan/hports-stienvan-typ-ALL",
            "leaf_interface_profile_dn": "uni/infra/accportprof-stienvan",
            "name": "stienvan",
            "name_alias": "",
            "relation_infra_rs_acc_base_grp": ""
          },
          "sensitive_attributes": [],
          "private": "eyJzY2hlbWFfdmVyc2lvbiI6IjEifQ==",
          "dependencies": [
            "aci_leaf_interface_profile.test_leaf_profile"
          ]
        }
      ]
    },
    {
      "mode": "managed",
      "type": "aci_attachable_access_entity_profile",
      "name": "test_ep",
      "provider": "provider[\"registry.terraform.io/ciscodevnet/aci\"]",
      "instances": [
        {
          "schema_version": 1,
          "attributes": {
            "annotation": "orchestrator:terraform",
            "description": "",
            "id": "uni/infra/attentp-stienvan",
            "name": "stienvan",
            "name_alias": "",
            "relation_infra_rs_dom_p": null
          },
          "sensitive_attributes": [],
          "private": "eyJzY2hlbWFfdmVyc2lvbiI6IjEifQ=="
        }
      ]
    },
    {
      "mode": "managed",
      "type": "aci_lacp_policy",
      "name": "test_lacp",
      "provider": "provider[\"registry.terraform.io/ciscodevnet/aci\"]",
      "instances": [
        {
          "schema_version": 1,
          "attributes": {
            "annotation": "orchestrator:terraform",
            "ctrl": [
              "fast-sel-hot-stdby",
              "graceful-conv",
              "susp-individual"
            ],
            "description": "",
            "id": "uni/infra/lacplagp-stienvan",
            "max_links": "16",
            "min_links": "1",
            "mode": "off",
            "name": "stienvan",
            "name_alias": ""
          },
          "sensitive_attributes": [],
          "private": "eyJzY2hlbWFfdmVyc2lvbiI6IjEifQ=="
        }
      ]
    },
    {
      "mode": "managed",
      "type": "aci_leaf_interface_profile",
      "name": "test_leaf_profile",
      "provider": "provider[\"registry.terraform.io/ciscodevnet/aci\"]",
      "instances": [
        {
          "schema_version": 1,
          "attributes": {
            "annotation": "orchestrator:terraform",
            "description": "",
            "id": "uni/infra/accportprof-stienvan",
            "name": "stienvan",
            "name_alias": ""
          },
          "sensitive_attributes": [],
          "private": "eyJzY2hlbWFfdmVyc2lvbiI6IjEifQ=="
        }
      ]
    },
    {
      "mode": "managed",
      "type": "aci_leaf_profile",
      "name": "tf_leaf_prof",
      "provider": "provider[\"registry.terraform.io/ciscodevnet/aci\"]",
      "instances": [
        {
          "schema_version": 1,
          "attributes": {
            "annotation": "orchestrator:terraform",
            "description": "",
            "id": "uni/infra/nprof-stienvan",
            "leaf_selector": [],
            "leaf_selector_ids": [],
            "name": "stienvan",
            "name_alias": "",
            "node_block_ids": [],
            "relation_infra_rs_acc_card_p": null,
            "relation_infra_rs_acc_port_p": null
          },
          "sensitive_attributes": [],
          "private": "eyJzY2hlbWFfdmVyc2lvbiI6IjEifQ=="
        }
      ]
    },
    {
      "mode": "managed",
      "type": "aci_lldp_interface_policy",
      "name": "test_lldp",
      "provider": "provider[\"registry.terraform.io/ciscodevnet/aci\"]",
      "instances": [
        {
          "schema_version": 1,
          "attributes": {
            "admin_rx_st": "enabled",
            "admin_tx_st": "enabled",
            "annotation": "orchestrator:terraform",
            "description": "",
            "id": "uni/infra/lldpIfP-stienvan",
            "name": "stienvan",
            "name_alias": ""
          },
          "sensitive_attributes": [],
          "private": "eyJzY2hlbWFfdmVyc2lvbiI6IjEifQ=="
        }
      ]
    },
    {
      "mode": "managed",
      "type": "aci_miscabling_protocol_interface_policy",
      "name": "test_miscable",
      "provider": "provider[\"registry.terraform.io/ciscodevnet/aci\"]",
      "instances": [
        {
          "schema_version": 1,
          "attributes": {
            "admin_st": "enabled",
            "annotation": "orchestrator:terraform",
            "description": "",
            "id": "uni/infra/mcpIfP-stienvan",
            "name": "stienvan",
            "name_alias": ""
          },
          "sensitive_attributes": [],
          "private": "eyJzY2hlbWFfdmVyc2lvbiI6IjEifQ=="
        }
      ]
    }
  ]
}
